{
    "_readme": [
        "This file locks the dependencies of your project to a known state",
        "Read more about it at https://getcomposer.org/doc/01-basic-usage.md#installing-dependencies",
        "This file is @generated automatically"
    ],
    "content-hash": "0b292df9e397b1013a1f2b750018dddf",
    "packages": [
        {
            "name": "leonickl/pxp-core",
            "version": "dev-main",
            "source": {
                "type": "git",
                "url": "git@github.com:leonickl/pxp-core.git",
                "reference": "a46c373c35e18dcef56742bb1d6093f990c4ef19"
            },
            "dist": {
                "type": "zip",
                "url": "https://api.github.com/repos/leonickl/pxp-core/zipball/a46c373c35e18dcef56742bb1d6093f990c4ef19",
                "reference": "a46c373c35e18dcef56742bb1d6093f990c4ef19",
                "shasum": ""
            },
            "default-branch": true,
            "type": "library",
            "autoload": {
                "psr-4": {
                    "PXP\\Core\\": "src/"
                },
                "files": [
                    "functions.php"
                ]
            },
            "authors": [
                {
                    "name": "Leo Nickl",
                    "email": "leo@leonickl.de"
                }
            ],
            "description": "Core functionality for leonickl/pxp",
            "support": {
                "source": "https://github.com/leonickl/pxp-core/tree/main",
                "issues": "https://github.com/leonickl/pxp-core/issues"
            },
            "time": "2025-08-02T13:28:38+00:00"
        }
    ],
    "packages-dev": [
        {
            "name": "laravel/pint",
            "version": "v1.24.0",
            "source": {
                "type": "git",
                "url": "https://github.com/laravel/pint.git",
                "reference": "0345f3b05f136801af8c339f9d16ef29e6b4df8a"
            },
            "dist": {
                "type": "zip",
                "url": "https://api.github.com/repos/laravel/pint/zipball/0345f3b05f136801af8c339f9d16ef29e6b4df8a",
                "reference": "0345f3b05f136801af8c339f9d16ef29e6b4df8a",
                "shasum": ""
            },
            "require": {
                "ext-json": "*",
                "ext-mbstring": "*",
                "ext-tokenizer": "*",
                "ext-xml": "*",
                "php": "^8.2.0"
            },
            "require-dev": {
                "friendsofphp/php-cs-fixer": "^3.82.2",
                "illuminate/view": "^11.45.1",
                "larastan/larastan": "^3.5.0",
                "laravel-zero/framework": "^11.45.0",
                "mockery/mockery": "^1.6.12",
                "nunomaduro/termwind": "^2.3.1",
                "pestphp/pest": "^2.36.0"
            },
            "bin": [
                "builds/pint"
            ],
            "type": "project",
            "autoload": {
                "files": [
                    "overrides/Runner/Parallel/ProcessFactory.php"
                ],
                "psr-4": {
                    "App\\": "app/",
                    "Database\\Seeders\\": "database/seeders/",
                    "Database\\Factories\\": "database/factories/"
                }
            },
            "notification-url": "https://packagist.org/downloads/",
            "license": [
                "MIT"
            ],
            "authors": [
                {
                    "name": "Nuno Maduro",
                    "email": "enunomaduro@gmail.com"
                }
            ],
            "description": "An opinionated code formatter for PHP.",
            "homepage": "https://laravel.com",
            "keywords": [
                "format",
                "formatter",
                "lint",
                "linter",
                "php"
            ],
            "support": {
                "issues": "https://github.com/laravel/pint/issues",
                "source": "https://github.com/laravel/pint"
            },
            "time": "2025-07-10T18:09:32+00:00"
        },
        {
            "name": "phpstan/phpstan",
            "version": "2.1.21",
            "source": {
                "type": "git",
                "url": "https://github.com/phpstan/phpstan.git",
                "reference": "1ccf445757458c06a04eb3f803603cb118fe5fa6"
            },
            "dist": {
                "type": "zip",
                "url": "https://api.github.com/repos/phpstan/phpstan/zipball/1ccf445757458c06a04eb3f803603cb118fe5fa6",
                "reference": "1ccf445757458c06a04eb3f803603cb118fe5fa6",
                "shasum": ""
            },
            "require": {
                "php": "^7.4|^8.0"
            },
            "conflict": {
                "phpstan/phpstan-shim": "*"
            },
            "bin": [
                "phpstan",
                "phpstan.phar"
            ],
            "type": "library",
            "autoload": {
                "files": [
                    "bootstrap.php"
                ]
            },
            "notification-url": "https://packagist.org/downloads/",
            "license": [
                "MIT"
            ],
            "description": "PHPStan - PHP Static Analysis Tool",
            "keywords": [
                "dev",
                "static analysis"
            ],
            "support": {
                "docs": "https://phpstan.org/user-guide/getting-started",
                "forum": "https://github.com/phpstan/phpstan/discussions",
                "issues": "https://github.com/phpstan/phpstan/issues",
                "security": "https://github.com/phpstan/phpstan/security/policy",
                "source": "https://github.com/phpstan/phpstan-src"
            },
            "funding": [
                {
                    "url": "https://github.com/ondrejmirtes",
                    "type": "github"
                },
                {
                    "url": "https://github.com/phpstan",
                    "type": "github"
                }
            ],
            "time": "2025-07-28T19:35:08+00:00"
        }
    ],
    "aliases": [],
    "minimum-stability": "stable",
    "stability-flags": {
        "leonickl/pxp-core": 20
    },
    "prefer-stable": false,
    "prefer-lowest": false,
    "platform": {
        "ext-pdo": "*"
    },
    "platform-dev": {},
    "plugin-api-version": "2.6.0"
}
